
Microsoft Visual Studio Solution File, Format Version 12.00
# Visual Studio 15
VisualStudioVersion = 15.0.26228.4
MinimumVisualStudioVersion = 10.0.40219.1
Project("{8BC9CEB8-8B4A-11D0-8D11-00A0C91BC942}") = "1_two_sun", "leetcode\leetcode.vcxproj", "{417F9615-B014-4CBD-81A3-939B53B4619A}"
EndProject
Project("{8BC9CEB8-8B4A-11D0-8D11-00A0C91BC942}") = "2_add_two_numbers", "add_two_numbers\add_two_numbers.vcxproj", "{CEE51CD9-86C3-49AB-BF87-8358F2783895}"
EndProject
Project("{8BC9CEB8-8B4A-11D0-8D11-00A0C91BC942}") = "3_Longest Substring Without Repeating Characters", "Longest Substring Without Repeating Characters\Longest Substring Without Repeating Characters.vcxproj", "{2A63E2CE-21D3-4832-A2B1-B34B2AC124FB}"
EndProject
Project("{8BC9CEB8-8B4A-11D0-8D11-00A0C91BC942}") = "4_Median of Two Sorted Arrays", "4_Median of Two Sorted Arrays\4_Median of Two Sorted Arrays.vcxproj", "{176EBB5D-1066-4948-8F50-C709C828BBCF}"
EndProject
Project("{8BC9CEB8-8B4A-11D0-8D11-00A0C91BC942}") = "5_Longest Palindromic Substring", "5_Longest Palindromic Substring\5_Longest Palindromic Substring.vcxproj", "{67E06688-63EC-44B5-8B33-53D5485F944E}"
EndProject
Project("{8BC9CEB8-8B4A-11D0-8D11-00A0C91BC942}") = "6_ZigZag Conversion", "6_ZigZag Conversion\6_ZigZag Conversion.vcxproj", "{FA0E2821-CA53-48A8-8E9A-0652375F4AF7}"
EndProject
Project("{8BC9CEB8-8B4A-11D0-8D11-00A0C91BC942}") = "53_Maximum_Subarray", "53_Maximum_Subarray\53_Maximum_Subarray.vcxproj", "{9F269A1D-E529-48BA-97FC-0A4D8167E410}"
EndProject
Global
	GlobalSection(SolutionConfigurationPlatforms) = preSolution
		Debug|x64 = Debug|x64
		Debug|x86 = Debug|x86
		Release|x64 = Release|x64
		Release|x86 = Release|x86
	EndGlobalSection
	GlobalSection(ProjectConfigurationPlatforms) = postSolution
		{417F9615-B014-4CBD-81A3-939B53B4619A}.Debug|x64.ActiveCfg = Debug|x64
		{417F9615-B014-4CBD-81A3-939B53B4619A}.Debug|x64.Build.0 = Debug|x64
		{417F9615-B014-4CBD-81A3-939B53B4619A}.Debug|x86.ActiveCfg = Debug|Win32
		{417F9615-B014-4CBD-81A3-939B53B4619A}.Debug|x86.Build.0 = Debug|Win32
		{417F9615-B014-4CBD-81A3-939B53B4619A}.Release|x64.ActiveCfg = Release|x64
		{417F9615-B014-4CBD-81A3-939B53B4619A}.Release|x64.Build.0 = Release|x64
		{417F9615-B014-4CBD-81A3-939B53B4619A}.Release|x86.ActiveCfg = Release|Win32
		{417F9615-B014-4CBD-81A3-939B53B4619A}.Release|x86.Build.0 = Release|Win32
		{CEE51CD9-86C3-49AB-BF87-8358F2783895}.Debug|x64.ActiveCfg = Debug|x64
		{CEE51CD9-86C3-49AB-BF87-8358F2783895}.Debug|x64.Build.0 = Debug|x64
		{CEE51CD9-86C3-49AB-BF87-8358F2783895}.Debug|x86.ActiveCfg = Debug|Win32
		{CEE51CD9-86C3-49AB-BF87-8358F2783895}.Debug|x86.Build.0 = Debug|Win32
		{CEE51CD9-86C3-49AB-BF87-8358F2783895}.Release|x64.ActiveCfg = Release|x64
		{CEE51CD9-86C3-49AB-BF87-8358F2783895}.Release|x64.Build.0 = Release|x64
		{CEE51CD9-86C3-49AB-BF87-8358F2783895}.Release|x86.ActiveCfg = Release|Win32
		{CEE51CD9-86C3-49AB-BF87-8358F2783895}.Release|x86.Build.0 = Release|Win32
		{2A63E2CE-21D3-4832-A2B1-B34B2AC124FB}.Debug|x64.ActiveCfg = Debug|x64
		{2A63E2CE-21D3-4832-A2B1-B34B2AC124FB}.Debug|x64.Build.0 = Debug|x64
		{2A63E2CE-21D3-4832-A2B1-B34B2AC124FB}.Debug|x86.ActiveCfg = Debug|Win32
		{2A63E2CE-21D3-4832-A2B1-B34B2AC124FB}.Debug|x86.Build.0 = Debug|Win32
		{2A63E2CE-21D3-4832-A2B1-B34B2AC124FB}.Release|x64.ActiveCfg = Release|x64
		{2A63E2CE-21D3-4832-A2B1-B34B2AC124FB}.Release|x64.Build.0 = Release|x64
		{2A63E2CE-21D3-4832-A2B1-B34B2AC124FB}.Release|x86.ActiveCfg = Release|Win32
		{2A63E2CE-21D3-4832-A2B1-B34B2AC124FB}.Release|x86.Build.0 = Release|Win32
		{176EBB5D-1066-4948-8F50-C709C828BBCF}.Debug|x64.ActiveCfg = Debug|x64
		{176EBB5D-1066-4948-8F50-C709C828BBCF}.Debug|x64.Build.0 = Debug|x64
		{176EBB5D-1066-4948-8F50-C709C828BBCF}.Debug|x86.ActiveCfg = Debug|Win32
		{176EBB5D-1066-4948-8F50-C709C828BBCF}.Debug|x86.Build.0 = Debug|Win32
		{176EBB5D-1066-4948-8F50-C709C828BBCF}.Release|x64.ActiveCfg = Release|x64
		{176EBB5D-1066-4948-8F50-C709C828BBCF}.Release|x64.Build.0 = Release|x64
		{176EBB5D-1066-4948-8F50-C709C828BBCF}.Release|x86.ActiveCfg = Release|Win32
		{176EBB5D-1066-4948-8F50-C709C828BBCF}.Release|x86.Build.0 = Release|Win32
		{67E06688-63EC-44B5-8B33-53D5485F944E}.Debug|x64.ActiveCfg = Debug|x64
		{67E06688-63EC-44B5-8B33-53D5485F944E}.Debug|x64.Build.0 = Debug|x64
		{67E06688-63EC-44B5-8B33-53D5485F944E}.Debug|x86.ActiveCfg = Debug|Win32
		{67E06688-63EC-44B5-8B33-53D5485F944E}.Debug|x86.Build.0 = Debug|Win32
		{67E06688-63EC-44B5-8B33-53D5485F944E}.Release|x64.ActiveCfg = Release|x64
		{67E06688-63EC-44B5-8B33-53D5485F944E}.Release|x64.Build.0 = Release|x64
		{67E06688-63EC-44B5-8B33-53D5485F944E}.Release|x86.ActiveCfg = Release|Win32
		{67E06688-63EC-44B5-8B33-53D5485F944E}.Release|x86.Build.0 = Release|Win32
		{FA0E2821-CA53-48A8-8E9A-0652375F4AF7}.Debug|x64.ActiveCfg = Debug|x64
		{FA0E2821-CA53-48A8-8E9A-0652375F4AF7}.Debug|x64.Build.0 = Debug|x64
		{FA0E2821-CA53-48A8-8E9A-0652375F4AF7}.Debug|x86.ActiveCfg = Debug|Win32
		{FA0E2821-CA53-48A8-8E9A-0652375F4AF7}.Debug|x86.Build.0 = Debug|Win32
		{FA0E2821-CA53-48A8-8E9A-0652375F4AF7}.Release|x64.ActiveCfg = Release|x64
		{FA0E2821-CA53-48A8-8E9A-0652375F4AF7}.Release|x64.Build.0 = Release|x64
		{FA0E2821-CA53-48A8-8E9A-0652375F4AF7}.Release|x86.ActiveCfg = Release|Win32
		{FA0E2821-CA53-48A8-8E9A-0652375F4AF7}.Release|x86.Build.0 = Release|Win32
		{9F269A1D-E529-48BA-97FC-0A4D8167E410}.Debug|x64.ActiveCfg = Debug|x64
		{9F269A1D-E529-48BA-97FC-0A4D8167E410}.Debug|x64.Build.0 = Debug|x64
		{9F269A1D-E529-48BA-97FC-0A4D8167E410}.Debug|x86.ActiveCfg = Debug|Win32
		{9F269A1D-E529-48BA-97FC-0A4D8167E410}.Debug|x86.Build.0 = Debug|Win32
		{9F269A1D-E529-48BA-97FC-0A4D8167E410}.Release|x64.ActiveCfg = Release|x64
		{9F269A1D-E529-48BA-97FC-0A4D8167E410}.Release|x64.Build.0 = Release|x64
		{9F269A1D-E529-48BA-97FC-0A4D8167E410}.Release|x86.ActiveCfg = Release|Win32
		{9F269A1D-E529-48BA-97FC-0A4D8167E410}.Release|x86.Build.0 = Release|Win32
	EndGlobalSection
	GlobalSection(SolutionProperties) = preSolution
		HideSolutionNode = FALSE
	EndGlobalSection
EndGlobal
